PODS:
  - BDWebImageToB/Core (1.1.0):
    - ByteInsights (>= 0.0.3)
    - libwebp (>= 1.0.0)
    - MMKV
  - BDWebImageToB/SDInterface (1.1.0):
    - BDWebImageToB/Core
  - ByteInsights (0.1.0):
    - RangersAppLog (= 3.2.5.1)
  - libwebp (1.1.0):
    - libwebp/demux (= 1.1.0)
    - libwebp/mux (= 1.1.0)
    - libwebp/webp (= 1.1.0)
  - libwebp/demux (1.1.0):
    - libwebp/webp
  - libwebp/mux (1.1.0):
    - libwebp/demux
  - libwebp/webp (1.1.0)
  - MMKV (1.1.0):
    - MMKVCore (~> 1.1.0)
  - MMKVCore (1.1.0)
  - RangersAppLog (3.2.5.1):
    - RangersAppLog/Core (= 3.2.5.1)
  - RangersAppLog/Core (3.2.5.1)

DEPENDENCIES:
  - BDWebImageToB/Core (from `../`)
  - BDWebImageToB/SDInterface (from `../`)

SPEC REPOS:
  trunk:
    - ByteInsights
    - libwebp
    - MMKV
    - MMKVCore
    - RangersAppLog

EXTERNAL SOURCES:
  BDWebImageToB:
    :path: "../"

SPEC CHECKSUMS:
  BDWebImageToB: c070ea6b549e7c3ed3613b1faa2a6a32368ea3db
  ByteInsights: 6344f3bc942459f31436f3314b6a76467f4ce928
  libwebp: 946cb3063cea9236285f7e9a8505d806d30e07f3
  MMKV: 7bb6c30f9ff2ea45bc2398c86e66dd1cb63cfe20
  MMKVCore: f1e0aad4fc330e7cbfbdff16720017bf0973db5a
  RangersAppLog: 20f8b84a71841251d203aeb658791fe201236236

PODFILE CHECKSUM: f2ba1536ec304380cbd338375e5e0fbbf6274756

COCOAPODS: 1.9.1
