PODS:
  - BDWebImage (1.0.0):
    - ByteInsights (>= 0.0.3)
    - libwebp (= 1.0.3)
    - YYCache (>= 1.0.4)
  - ByteInsights (0.0.3):
    - RangersAppLog (= 3.2.5)
  - libwebp (1.0.3):
    - libwebp/demux (= 1.0.3)
    - libwebp/mux (= 1.0.3)
    - libwebp/webp (= 1.0.3)
  - libwebp/demux (1.0.3):
    - libwebp/webp
  - libwebp/mux (1.0.3):
    - libwebp/demux
  - libwebp/webp (1.0.3)
  - RangersAppLog (3.2.5)
  - YYCache (1.0.4)

DEPENDENCIES:
  - BDWebImage (from `../`)

SPEC REPOS:
  trunk:
    - ByteInsights
    - libwebp
    - RangersAppLog
    - YYCache

EXTERNAL SOURCES:
  BDWebImage:
    :path: "../"

SPEC CHECKSUMS:
  BDWebImage: 0f5ff1929636277d8cf055351c53e7b2a07e5ab9
  ByteInsights: cb6ca97b3de33c14248ecff9616db6ad3e0f8fb3
  libwebp: 057912d6d0abfb6357d8bb05c0ea470301f5d61e
  RangersAppLog: 120df7189ecbf769ca01d4a879f192678c56cc69
  YYCache: 8105b6638f5e849296c71f331ff83891a4942952

PODFILE CHECKSUM: 6c3242e6958d4a14acc7fd4ab761a20e4d0da230

COCOAPODS: 1.8.4
