PODS:
  - BDWebImageToB/Core (1.1.2):
    - ByteInsights (>= 0.0.3)
    - libwebp (>= 1.0.0)
  - BDWebImageToB/SDInterface (1.1.2):
    - BDWebImageToB/Core
  - ByteInsights (0.0.3):
    - RangersAppLog (= 3.2.5)
  - libwebp (1.1.0):
    - libwebp/demux (= 1.1.0)
    - libwebp/mux (= 1.1.0)
    - libwebp/webp (= 1.1.0)
  - libwebp/demux (1.1.0):
    - libwebp/webp
  - libwebp/mux (1.1.0):
    - libwebp/demux
  - libwebp/webp (1.1.0)
  - RangersAppLog (3.2.5)

DEPENDENCIES:
  - BDWebImageToB/Core (from `../`)
  - BDWebImageToB/SDInterface (from `../`)

SPEC REPOS:
  trunk:
    - ByteInsights
    - libwebp
    - RangersAppLog

EXTERNAL SOURCES:
  BDWebImageToB:
    :path: "../"

SPEC CHECKSUMS:
  BDWebImageToB: 7dc545a6ee9f4b288457256846c0c769af6e2980
  ByteInsights: cb6ca97b3de33c14248ecff9616db6ad3e0f8fb3
  libwebp: 946cb3063cea9236285f7e9a8505d806d30e07f3
  RangersAppLog: 120df7189ecbf769ca01d4a879f192678c56cc69

PODFILE CHECKSUM: aed8055360c0959be4d33534b57c275940f1f2c2

COCOAPODS: 1.9.3
